// !$*UTF8*$!
{
	archiveVersion = 1;
	classes = {
	};
	objectVersion = 51;
	objects = {

/* Begin PBXBuildFile section */
		4B787A0E45FE413D51FD0469 /* libPods-PractiseApp.a in Frameworks */ = {isa = PBXBuildFile; fileRef = 77784D0E82F16B4E44BADB50 /* libPods-PractiseApp.a */; };
		6D1A0EB72462556800682871 /* NSLockVC.m in Sources */ = {isa = PBXBuildFile; fileRef = 6D1A0EB62462556800682871 /* NSLockVC.m */; };
		6D1A0EBB246255A600682871 /* SynchronizedVC.m in Sources */ = {isa = PBXBuildFile; fileRef = 6D1A0EBA246255A600682871 /* SynchronizedVC.m */; };
		6D1A0EBE246255EC00682871 /* SemaphoreVC.m in Sources */ = {isa = PBXBuildFile; fileRef = 6D1A0EBD246255EC00682871 /* SemaphoreVC.m */; };
		6D1A0EC12462563700682871 /* NSConditionVC.m in Sources */ = {isa = PBXBuildFile; fileRef = 6D1A0EC02462563700682871 /* NSConditionVC.m */; };
		6D1A0EC42462567500682871 /* NSRecursiveLockVC.m in Sources */ = {isa = PBXBuildFile; fileRef = 6D1A0EC32462567500682871 /* NSRecursiveLockVC.m */; };
		6D1A0EC72462569700682871 /* NSDistributedLockVC.m in Sources */ = {isa = PBXBuildFile; fileRef = 6D1A0EC62462569700682871 /* NSDistributedLockVC.m */; };
		6D1A0ECA246256BF00682871 /* POSIX_VC.m in Sources */ = {isa = PBXBuildFile; fileRef = 6D1A0EC9246256BF00682871 /* POSIX_VC.m */; };
		6D1A0ECD2462575000682871 /* OSSpinLockVC.m in Sources */ = {isa = PBXBuildFile; fileRef = 6D1A0ECC2462575000682871 /* OSSpinLockVC.m */; };
		6D1A0ED02462578C00682871 /* BarrierVC.m in Sources */ = {isa = PBXBuildFile; fileRef = 6D1A0ECF2462578C00682871 /* BarrierVC.m */; };
		6D1A0ED62462672800682871 /* SomeThing.m in Sources */ = {isa = PBXBuildFile; fileRef = 6D1A0ED52462672800682871 /* SomeThing.m */; };
		6D1A0ED92462C15200682871 /* NSConditionLockVC.m in Sources */ = {isa = PBXBuildFile; fileRef = 6D1A0ED82462C15200682871 /* NSConditionLockVC.m */; };
		6D671C722456B93E000AFCEA /* AppDelegate.m in Sources */ = {isa = PBXBuildFile; fileRef = 6D671C712456B93E000AFCEA /* AppDelegate.m */; };
		6D671C752456B93E000AFCEA /* SceneDelegate.m in Sources */ = {isa = PBXBuildFile; fileRef = 6D671C742456B93E000AFCEA /* SceneDelegate.m */; };
		6D671C782456B93E000AFCEA /* HomePageViewController.m in Sources */ = {isa = PBXBuildFile; fileRef = 6D671C772456B93E000AFCEA /* HomePageViewController.m */; };
		6D671C7B2456B93E000AFCEA /* Main.storyboard in Resources */ = {isa = PBXBuildFile; fileRef = 6D671C792456B93E000AFCEA /* Main.storyboard */; };
		6D671C7E2456B93E000AFCEA /* PractiseApp.xcdatamodeld in Sources */ = {isa = PBXBuildFile; fileRef = 6D671C7C2456B93E000AFCEA /* PractiseApp.xcdatamodeld */; };
		6D671C802456B940000AFCEA /* Assets.xcassets in Resources */ = {isa = PBXBuildFile; fileRef = 6D671C7F2456B940000AFCEA /* Assets.xcassets */; };
		6D671C832456B940000AFCEA /* LaunchScreen.storyboard in Resources */ = {isa = PBXBuildFile; fileRef = 6D671C812456B940000AFCEA /* LaunchScreen.storyboard */; };
		6D671C862456B940000AFCEA /* main.m in Sources */ = {isa = PBXBuildFile; fileRef = 6D671C852456B940000AFCEA /* main.m */; };
		6D671C8D2456BAD5000AFCEA /* libDoraemonKit.a in Frameworks */ = {isa = PBXBuildFile; fileRef = 6D671C8C2456BAD5000AFCEA /* libDoraemonKit.a */; };
		6D671C922456BAF5000AFCEA /* libIQKeyboardManager.a in Frameworks */ = {isa = PBXBuildFile; fileRef = 6D671C912456BAF5000AFCEA /* libIQKeyboardManager.a */; };
		6D671C942456BAF9000AFCEA /* libMasonry.a in Frameworks */ = {isa = PBXBuildFile; fileRef = 6D671C932456BAF9000AFCEA /* libMasonry.a */; };
		6D671C962456BB06000AFCEA /* libPods-PractiseApp.a in Frameworks */ = {isa = PBXBuildFile; fileRef = 6D671C952456BB06000AFCEA /* libPods-PractiseApp.a */; };
		6D671C982456BB0A000AFCEA /* libSocketRocket.a in Frameworks */ = {isa = PBXBuildFile; fileRef = 6D671C972456BB0A000AFCEA /* libSocketRocket.a */; };
		6D671C9A2456BB0D000AFCEA /* libZYCornerRadius.a in Frameworks */ = {isa = PBXBuildFile; fileRef = 6D671C992456BB0D000AFCEA /* libZYCornerRadius.a */; };
		6D671CA32456BD52000AFCEA /* BaseViewController.m in Sources */ = {isa = PBXBuildFile; fileRef = 6D671CA22456BD52000AFCEA /* BaseViewController.m */; };
		6D671CAA2457C6B8000AFCEA /* ThreadViewController.m in Sources */ = {isa = PBXBuildFile; fileRef = 6D671CA92457C6B8000AFCEA /* ThreadViewController.m */; };
		6D671CB0245801C5000AFCEA /* GCDViewController.m in Sources */ = {isa = PBXBuildFile; fileRef = 6D671CAF245801C5000AFCEA /* GCDViewController.m */; };
		6D671CB324583CEA000AFCEA /* NSOperationViewController.m in Sources */ = {isa = PBXBuildFile; fileRef = 6D671CB224583CEA000AFCEA /* NSOperationViewController.m */; };
		6D671CB6245941B9000AFCEA /* SellTicketsViewController.m in Sources */ = {isa = PBXBuildFile; fileRef = 6D671CB5245941B9000AFCEA /* SellTicketsViewController.m */; };
		6D671CBB24596646000AFCEA /* WelcomeToSandBoxViewController.m in Sources */ = {isa = PBXBuildFile; fileRef = 6D671CBA24596646000AFCEA /* WelcomeToSandBoxViewController.m */; };
		6D671CBD24599437000AFCEA /* libYYKit.a in Frameworks */ = {isa = PBXBuildFile; fileRef = 6D671CBC24599437000AFCEA /* libYYKit.a */; };
/* End PBXBuildFile section */

/* Begin PBXFileReference section */
		1FACEB32EDC9EAD4C2787A22 /* Pods-PractiseApp.release.xcconfig */ = {isa = PBXFileReference; includeInIndex = 1; lastKnownFileType = text.xcconfig; name = "Pods-PractiseApp.release.xcconfig"; path = "Target Support Files/Pods-PractiseApp/Pods-PractiseApp.release.xcconfig"; sourceTree = "<group>"; };
		6D1A0EB52462556800682871 /* NSLockVC.h */ = {isa = PBXFileReference; lastKnownFileType = sourcecode.c.h; path = NSLockVC.h; sourceTree = "<group>"; };
		6D1A0EB62462556800682871 /* NSLockVC.m */ = {isa = PBXFileReference; lastKnownFileType = sourcecode.c.objc; path = NSLockVC.m; sourceTree = "<group>"; };
		6D1A0EB9246255A600682871 /* SynchronizedVC.h */ = {isa = PBXFileReference; lastKnownFileType = sourcecode.c.h; path = SynchronizedVC.h; sourceTree = "<group>"; };
		6D1A0EBA246255A600682871 /* SynchronizedVC.m */ = {isa = PBXFileReference; lastKnownFileType = sourcecode.c.objc; path = SynchronizedVC.m; sourceTree = "<group>"; };
		6D1A0EBC246255EC00682871 /* SemaphoreVC.h */ = {isa = PBXFileReference; lastKnownFileType = sourcecode.c.h; path = SemaphoreVC.h; sourceTree = "<group>"; };
		6D1A0EBD246255EC00682871 /* SemaphoreVC.m */ = {isa = PBXFileReference; lastKnownFileType = sourcecode.c.objc; path = SemaphoreVC.m; sourceTree = "<group>"; };
		6D1A0EBF2462563700682871 /* NSConditionVC.h */ = {isa = PBXFileReference; lastKnownFileType = sourcecode.c.h; path = NSConditionVC.h; sourceTree = "<group>"; };
		6D1A0EC02462563700682871 /* NSConditionVC.m */ = {isa = PBXFileReference; lastKnownFileType = sourcecode.c.objc; path = NSConditionVC.m; sourceTree = "<group>"; };
		6D1A0EC22462567500682871 /* NSRecursiveLockVC.h */ = {isa = PBXFileReference; lastKnownFileType = sourcecode.c.h; path = NSRecursiveLockVC.h; sourceTree = "<group>"; };
		6D1A0EC32462567500682871 /* NSRecursiveLockVC.m */ = {isa = PBXFileReference; lastKnownFileType = sourcecode.c.objc; path = NSRecursiveLockVC.m; sourceTree = "<group>"; };
		6D1A0EC52462569700682871 /* NSDistributedLockVC.h */ = {isa = PBXFileReference; lastKnownFileType = sourcecode.c.h; path = NSDistributedLockVC.h; sourceTree = "<group>"; };
		6D1A0EC62462569700682871 /* NSDistributedLockVC.m */ = {isa = PBXFileReference; lastKnownFileType = sourcecode.c.objc; path = NSDistributedLockVC.m; sourceTree = "<group>"; };
		6D1A0EC8246256BF00682871 /* POSIX_VC.h */ = {isa = PBXFileReference; lastKnownFileType = sourcecode.c.h; path = POSIX_VC.h; sourceTree = "<group>"; };
		6D1A0EC9246256BF00682871 /* POSIX_VC.m */ = {isa = PBXFileReference; lastKnownFileType = sourcecode.c.objc; path = POSIX_VC.m; sourceTree = "<group>"; };
		6D1A0ECB2462575000682871 /* OSSpinLockVC.h */ = {isa = PBXFileReference; lastKnownFileType = sourcecode.c.h; path = OSSpinLockVC.h; sourceTree = "<group>"; };
		6D1A0ECC2462575000682871 /* OSSpinLockVC.m */ = {isa = PBXFileReference; lastKnownFileType = sourcecode.c.objc; path = OSSpinLockVC.m; sourceTree = "<group>"; };
		6D1A0ECE2462578C00682871 /* BarrierVC.h */ = {isa = PBXFileReference; lastKnownFileType = sourcecode.c.h; path = BarrierVC.h; sourceTree = "<group>"; };
		6D1A0ECF2462578C00682871 /* BarrierVC.m */ = {isa = PBXFileReference; lastKnownFileType = sourcecode.c.objc; path = BarrierVC.m; sourceTree = "<group>"; };
		6D1A0ED124625B6500682871 /* AllMyLockVC.h */ = {isa = PBXFileReference; lastKnownFileType = sourcecode.c.h; path = AllMyLockVC.h; sourceTree = "<group>"; };
		6D1A0ED42462672800682871 /* SomeThing.h */ = {isa = PBXFileReference; lastKnownFileType = sourcecode.c.h; path = SomeThing.h; sourceTree = "<group>"; };
		6D1A0ED52462672800682871 /* SomeThing.m */ = {isa = PBXFileReference; lastKnownFileType = sourcecode.c.objc; path = SomeThing.m; sourceTree = "<group>"; };
		6D1A0ED72462C15200682871 /* NSConditionLockVC.h */ = {isa = PBXFileReference; lastKnownFileType = sourcecode.c.h; path = NSConditionLockVC.h; sourceTree = "<group>"; };
		6D1A0ED82462C15200682871 /* NSConditionLockVC.m */ = {isa = PBXFileReference; lastKnownFileType = sourcecode.c.objc; path = NSConditionLockVC.m; sourceTree = "<group>"; };
		6D671C6D2456B93E000AFCEA /* PractiseApp.app */ = {isa = PBXFileReference; explicitFileType = wrapper.application; includeInIndex = 0; path = PractiseApp.app; sourceTree = BUILT_PRODUCTS_DIR; };
		6D671C702456B93E000AFCEA /* AppDelegate.h */ = {isa = PBXFileReference; lastKnownFileType = sourcecode.c.h; path = AppDelegate.h; sourceTree = "<group>"; };
		6D671C712456B93E000AFCEA /* AppDelegate.m */ = {isa = PBXFileReference; lastKnownFileType = sourcecode.c.objc; path = AppDelegate.m; sourceTree = "<group>"; };
		6D671C732456B93E000AFCEA /* SceneDelegate.h */ = {isa = PBXFileReference; lastKnownFileType = sourcecode.c.h; path = SceneDelegate.h; sourceTree = "<group>"; };
		6D671C742456B93E000AFCEA /* SceneDelegate.m */ = {isa = PBXFileReference; lastKnownFileType = sourcecode.c.objc; path = SceneDelegate.m; sourceTree = "<group>"; };
		6D671C762456B93E000AFCEA /* HomePageViewController.h */ = {isa = PBXFileReference; lastKnownFileType = sourcecode.c.h; path = HomePageViewController.h; sourceTree = "<group>"; };
		6D671C772456B93E000AFCEA /* HomePageViewController.m */ = {isa = PBXFileReference; lastKnownFileType = sourcecode.c.objc; path = HomePageViewController.m; sourceTree = "<group>"; };
		6D671C7A2456B93E000AFCEA /* Base */ = {isa = PBXFileReference; lastKnownFileType = file.storyboard; name = Base; path = Base.lproj/Main.storyboard; sourceTree = "<group>"; };
		6D671C7D2456B93E000AFCEA /* PractiseApp.xcdatamodel */ = {isa = PBXFileReference; lastKnownFileType = wrapper.xcdatamodel; path = PractiseApp.xcdatamodel; sourceTree = "<group>"; };
		6D671C7F2456B940000AFCEA /* Assets.xcassets */ = {isa = PBXFileReference; lastKnownFileType = folder.assetcatalog; path = Assets.xcassets; sourceTree = "<group>"; };
		6D671C822456B940000AFCEA /* Base */ = {isa = PBXFileReference; lastKnownFileType = file.storyboard; name = Base; path = Base.lproj/LaunchScreen.storyboard; sourceTree = "<group>"; };
		6D671C842456B940000AFCEA /* Info.plist */ = {isa = PBXFileReference; lastKnownFileType = text.plist.xml; path = Info.plist; sourceTree = "<group>"; };
		6D671C852456B940000AFCEA /* main.m */ = {isa = PBXFileReference; lastKnownFileType = sourcecode.c.objc; path = main.m; sourceTree = "<group>"; };
		6D671C8C2456BAD5000AFCEA /* libDoraemonKit.a */ = {isa = PBXFileReference; explicitFileType = archive.ar; path = libDoraemonKit.a; sourceTree = BUILT_PRODUCTS_DIR; };
		6D671C8E2456BAE5000AFCEA /* DoraemonKit.bundle */ = {isa = PBXFileReference; explicitFileType = wrapper.cfbundle; path = DoraemonKit.bundle; sourceTree = BUILT_PRODUCTS_DIR; };
		6D671C912456BAF5000AFCEA /* libIQKeyboardManager.a */ = {isa = PBXFileReference; explicitFileType = archive.ar; path = libIQKeyboardManager.a; sourceTree = BUILT_PRODUCTS_DIR; };
		6D671C932456BAF9000AFCEA /* libMasonry.a */ = {isa = PBXFileReference; explicitFileType = archive.ar; path = libMasonry.a; sourceTree = BUILT_PRODUCTS_DIR; };
		6D671C952456BB06000AFCEA /* libPods-PractiseApp.a */ = {isa = PBXFileReference; explicitFileType = archive.ar; path = "libPods-PractiseApp.a"; sourceTree = BUILT_PRODUCTS_DIR; };
		6D671C972456BB0A000AFCEA /* libSocketRocket.a */ = {isa = PBXFileReference; explicitFileType = archive.ar; path = libSocketRocket.a; sourceTree = BUILT_PRODUCTS_DIR; };
		6D671C992456BB0D000AFCEA /* libZYCornerRadius.a */ = {isa = PBXFileReference; explicitFileType = archive.ar; path = libZYCornerRadius.a; sourceTree = BUILT_PRODUCTS_DIR; };
		6D671CA12456BD52000AFCEA /* BaseViewController.h */ = {isa = PBXFileReference; lastKnownFileType = sourcecode.c.h; path = BaseViewController.h; sourceTree = "<group>"; };
		6D671CA22456BD52000AFCEA /* BaseViewController.m */ = {isa = PBXFileReference; lastKnownFileType = sourcecode.c.objc; path = BaseViewController.m; sourceTree = "<group>"; };
		6D671CA82457C6B8000AFCEA /* ThreadViewController.h */ = {isa = PBXFileReference; lastKnownFileType = sourcecode.c.h; path = ThreadViewController.h; sourceTree = "<group>"; };
		6D671CA92457C6B8000AFCEA /* ThreadViewController.m */ = {isa = PBXFileReference; lastKnownFileType = sourcecode.c.objc; path = ThreadViewController.m; sourceTree = "<group>"; };
		6D671CAE245801C5000AFCEA /* GCDViewController.h */ = {isa = PBXFileReference; lastKnownFileType = sourcecode.c.h; path = GCDViewController.h; sourceTree = "<group>"; };
		6D671CAF245801C5000AFCEA /* GCDViewController.m */ = {isa = PBXFileReference; lastKnownFileType = sourcecode.c.objc; path = GCDViewController.m; sourceTree = "<group>"; };
		6D671CB124583CEA000AFCEA /* NSOperationViewController.h */ = {isa = PBXFileReference; lastKnownFileType = sourcecode.c.h; path = NSOperationViewController.h; sourceTree = "<group>"; };
		6D671CB224583CEA000AFCEA /* NSOperationViewController.m */ = {isa = PBXFileReference; lastKnownFileType = sourcecode.c.objc; path = NSOperationViewController.m; sourceTree = "<group>"; };
		6D671CB4245941B9000AFCEA /* SellTicketsViewController.h */ = {isa = PBXFileReference; lastKnownFileType = sourcecode.c.h; path = SellTicketsViewController.h; sourceTree = "<group>"; };
		6D671CB5245941B9000AFCEA /* SellTicketsViewController.m */ = {isa = PBXFileReference; lastKnownFileType = sourcecode.c.objc; path = SellTicketsViewController.m; sourceTree = "<group>"; };
		6D671CB924596646000AFCEA /* WelcomeToSandBoxViewController.h */ = {isa = PBXFileReference; lastKnownFileType = sourcecode.c.h; path = WelcomeToSandBoxViewController.h; sourceTree = "<group>"; };
		6D671CBA24596646000AFCEA /* WelcomeToSandBoxViewController.m */ = {isa = PBXFileReference; lastKnownFileType = sourcecode.c.objc; path = WelcomeToSandBoxViewController.m; sourceTree = "<group>"; };
		6D671CBC24599437000AFCEA /* libYYKit.a */ = {isa = PBXFileReference; explicitFileType = archive.ar; path = libYYKit.a; sourceTree = BUILT_PRODUCTS_DIR; };
		77784D0E82F16B4E44BADB50 /* libPods-PractiseApp.a */ = {isa = PBXFileReference; explicitFileType = archive.ar; includeInIndex = 0; path = "libPods-PractiseApp.a"; sourceTree = BUILT_PRODUCTS_DIR; };
		7BE93AD753810419B6038C41 /* Pods-PractiseApp.debug.xcconfig */ = {isa = PBXFileReference; includeInIndex = 1; lastKnownFileType = text.xcconfig; name = "Pods-PractiseApp.debug.xcconfig"; path = "Target Support Files/Pods-PractiseApp/Pods-PractiseApp.debug.xcconfig"; sourceTree = "<group>"; };
/* End PBXFileReference section */

/* Begin PBXFrameworksBuildPhase section */
		6D671C6A2456B93E000AFCEA /* Frameworks */ = {
			isa = PBXFrameworksBuildPhase;
			buildActionMask = 2147483647;
			files = (
				6D671C922456BAF5000AFCEA /* libIQKeyboardManager.a in Frameworks */,
				6D671C962456BB06000AFCEA /* libPods-PractiseApp.a in Frameworks */,
				6D671CBD24599437000AFCEA /* libYYKit.a in Frameworks */,
				6D671C9A2456BB0D000AFCEA /* libZYCornerRadius.a in Frameworks */,
				4B787A0E45FE413D51FD0469 /* libPods-PractiseApp.a in Frameworks */,
				6D671C8D2456BAD5000AFCEA /* libDoraemonKit.a in Frameworks */,
				6D671C982456BB0A000AFCEA /* libSocketRocket.a in Frameworks */,
				6D671C942456BAF9000AFCEA /* libMasonry.a in Frameworks */,
			);
			runOnlyForDeploymentPostprocessing = 0;
		};
/* End PBXFrameworksBuildPhase section */

/* Begin PBXGroup section */
		0A612D481FD88C4AFD37AF67 /* Pods */ = {
			isa = PBXGroup;
			children = (
				7BE93AD753810419B6038C41 /* Pods-PractiseApp.debug.xcconfig */,
				1FACEB32EDC9EAD4C2787A22 /* Pods-PractiseApp.release.xcconfig */,
			);
			path = Pods;
			sourceTree = "<group>";
		};
		6D1A0EAB2462541700682871 /* Lock */ = {
			isa = PBXGroup;
			children = (
				6D1A0ED124625B6500682871 /* AllMyLockVC.h */,
				6D1A0EB52462556800682871 /* NSLockVC.h */,
				6D1A0EB62462556800682871 /* NSLockVC.m */,
				6D1A0EB9246255A600682871 /* SynchronizedVC.h */,
				6D1A0EBA246255A600682871 /* SynchronizedVC.m */,
				6D1A0EBC246255EC00682871 /* SemaphoreVC.h */,
				6D1A0EBD246255EC00682871 /* SemaphoreVC.m */,
				6D1A0EBF2462563700682871 /* NSConditionVC.h */,
				6D1A0EC02462563700682871 /* NSConditionVC.m */,
				6D1A0ED72462C15200682871 /* NSConditionLockVC.h */,
				6D1A0ED82462C15200682871 /* NSConditionLockVC.m */,
				6D1A0EC22462567500682871 /* NSRecursiveLockVC.h */,
				6D1A0EC32462567500682871 /* NSRecursiveLockVC.m */,
				6D1A0EC52462569700682871 /* NSDistributedLockVC.h */,
				6D1A0EC62462569700682871 /* NSDistributedLockVC.m */,
				6D1A0EC8246256BF00682871 /* POSIX_VC.h */,
				6D1A0EC9246256BF00682871 /* POSIX_VC.m */,
				6D1A0ECB2462575000682871 /* OSSpinLockVC.h */,
				6D1A0ECC2462575000682871 /* OSSpinLockVC.m */,
				6D1A0ECE2462578C00682871 /* BarrierVC.h */,
				6D1A0ECF2462578C00682871 /* BarrierVC.m */,
				6D1A0ED42462672800682871 /* SomeThing.h */,
				6D1A0ED52462672800682871 /* SomeThing.m */,
			);
			path = Lock;
			sourceTree = "<group>";
		};
		6D671C642456B93E000AFCEA = {
			isa = PBXGroup;
			children = (
				6D671C6F2456B93E000AFCEA /* PractiseApp */,
				6D671C6E2456B93E000AFCEA /* Products */,
				0A612D481FD88C4AFD37AF67 /* Pods */,
				D7C613D515C3606789B4E2F5 /* Frameworks */,
			);
			sourceTree = "<group>";
		};
		6D671C6E2456B93E000AFCEA /* Products */ = {
			isa = PBXGroup;
			children = (
				6D671C6D2456B93E000AFCEA /* PractiseApp.app */,
			);
			name = Products;
			sourceTree = "<group>";
		};
		6D671C6F2456B93E000AFCEA /* PractiseApp */ = {
			isa = PBXGroup;
			children = (
				6D671C702456B93E000AFCEA /* AppDelegate.h */,
				6D671C712456B93E000AFCEA /* AppDelegate.m */,
				6D671C732456B93E000AFCEA /* SceneDelegate.h */,
				6D671C742456B93E000AFCEA /* SceneDelegate.m */,
				6D671C762456B93E000AFCEA /* HomePageViewController.h */,
				6D671C772456B93E000AFCEA /* HomePageViewController.m */,
				6D671C792456B93E000AFCEA /* Main.storyboard */,
				6D671C7F2456B940000AFCEA /* Assets.xcassets */,
				6D671C812456B940000AFCEA /* LaunchScreen.storyboard */,
				6D671C842456B940000AFCEA /* Info.plist */,
				6D671C852456B940000AFCEA /* main.m */,
				6D671C7C2456B93E000AFCEA /* PractiseApp.xcdatamodeld */,
				6D671CB8245964D7000AFCEA /* SandBox */,
				6D671CA72457C68C000AFCEA /* MultiThreadViewControllers */,
				6D1A0EAB2462541700682871 /* Lock */,
				6D671CA02456BCF0000AFCEA /* BaseClass */,
			);
			path = PractiseApp;
			sourceTree = "<group>";
		};
		6D671CA02456BCF0000AFCEA /* BaseClass */ = {
			isa = PBXGroup;
			children = (
				6D671CA12456BD52000AFCEA /* BaseViewController.h */,
				6D671CA22456BD52000AFCEA /* BaseViewController.m */,
			);
			path = BaseClass;
			sourceTree = "<group>";
		};
		6D671CA72457C68C000AFCEA /* MultiThreadViewControllers */ = {
			isa = PBXGroup;
			children = (
				6D671CA82457C6B8000AFCEA /* ThreadViewController.h */,
				6D671CA92457C6B8000AFCEA /* ThreadViewController.m */,
				6D671CAE245801C5000AFCEA /* GCDViewController.h */,
				6D671CAF245801C5000AFCEA /* GCDViewController.m */,
				6D671CB124583CEA000AFCEA /* NSOperationViewController.h */,
				6D671CB224583CEA000AFCEA /* NSOperationViewController.m */,
				6D671CB4245941B9000AFCEA /* SellTicketsViewController.h */,
				6D671CB5245941B9000AFCEA /* SellTicketsViewController.m */,
			);
			path = MultiThreadViewControllers;
			sourceTree = "<group>";
		};
		6D671CB8245964D7000AFCEA /* SandBox */ = {
			isa = PBXGroup;
			children = (
				6D671CB924596646000AFCEA /* WelcomeToSandBoxViewController.h */,
				6D671CBA24596646000AFCEA /* WelcomeToSandBoxViewController.m */,
			);
			path = SandBox;
			sourceTree = "<group>";
		};
		D7C613D515C3606789B4E2F5 /* Frameworks */ = {
			isa = PBXGroup;
			children = (
				6D671CBC24599437000AFCEA /* libYYKit.a */,
				6D671C992456BB0D000AFCEA /* libZYCornerRadius.a */,
				6D671C972456BB0A000AFCEA /* libSocketRocket.a */,
				6D671C952456BB06000AFCEA /* libPods-PractiseApp.a */,
				6D671C932456BAF9000AFCEA /* libMasonry.a */,
				6D671C912456BAF5000AFCEA /* libIQKeyboardManager.a */,
				6D671C8E2456BAE5000AFCEA /* DoraemonKit.bundle */,
				6D671C8C2456BAD5000AFCEA /* libDoraemonKit.a */,
				77784D0E82F16B4E44BADB50 /* libPods-PractiseApp.a */,
			);
			name = Frameworks;
			sourceTree = "<group>";
		};
/* End PBXGroup section */

/* Begin PBXNativeTarget section */
		6D671C6C2456B93E000AFCEA /* PractiseApp */ = {
			isa = PBXNativeTarget;
			buildConfigurationList = 6D671C892456B940000AFCEA /* Build configuration list for PBXNativeTarget "PractiseApp" */;
			buildPhases = (
				64538AAEB376965E0E6C4500 /* [CP] Check Pods Manifest.lock */,
				6D671C692456B93E000AFCEA /* Sources */,
				6D671C6A2456B93E000AFCEA /* Frameworks */,
				6D671C6B2456B93E000AFCEA /* Resources */,
				50B0D1B6B26826A2FCF69A14 /* [CP] Embed Pods Frameworks */,
				A5010AE110737FE0650BB8A5 /* [CP] Copy Pods Resources */,
			);
			buildRules = (
			);
			dependencies = (
			);
			name = PractiseApp;
			productName = PractiseApp;
			productReference = 6D671C6D2456B93E000AFCEA /* PractiseApp.app */;
			productType = "com.apple.product-type.application";
		};
/* End PBXNativeTarget section */

/* Begin PBXProject section */
		6D671C652456B93E000AFCEA /* Project object */ = {
			isa = PBXProject;
			attributes = {
				LastUpgradeCheck = 1130;
				ORGANIZATIONNAME = "吴京城";
				TargetAttributes = {
					6D671C6C2456B93E000AFCEA = {
						CreatedOnToolsVersion = 11.3.1;
					};
				};
			};
			buildConfigurationList = 6D671C682456B93E000AFCEA /* Build configuration list for PBXProject "PractiseApp" */;
			compatibilityVersion = "Xcode 9.3";
			developmentRegion = en;
			hasScannedForEncodings = 0;
			knownRegions = (
				en,
				Base,
			);
			mainGroup = 6D671C642456B93E000AFCEA;
			productRefGroup = 6D671C6E2456B93E000AFCEA /* Products */;
			projectDirPath = "";
			projectRoot = "";
			targets = (
				6D671C6C2456B93E000AFCEA /* PractiseApp */,
			);
		};
/* End PBXProject section */

/* Begin PBXResourcesBuildPhase section */
		6D671C6B2456B93E000AFCEA /* Resources */ = {
			isa = PBXResourcesBuildPhase;
			buildActionMask = 2147483647;
			files = (
				6D671C832456B940000AFCEA /* LaunchScreen.storyboard in Resources */,
				6D671C802456B940000AFCEA /* Assets.xcassets in Resources */,
				6D671C7B2456B93E000AFCEA /* Main.storyboard in Resources */,
			);
			runOnlyForDeploymentPostprocessing = 0;
		};
/* End PBXResourcesBuildPhase section */

/* Begin PBXShellScriptBuildPhase section */
		50B0D1B6B26826A2FCF69A14 /* [CP] Embed Pods Frameworks */ = {
			isa = PBXShellScriptBuildPhase;
			buildActionMask = 2147483647;
			files = (
			);
			inputFileListPaths = (
				"${PODS_ROOT}/Target Support Files/Pods-PractiseApp/Pods-PractiseApp-frameworks-${CONFIGURATION}-input-files.xcfilelist",
			);
			name = "[CP] Embed Pods Frameworks";
			outputFileListPaths = (
				"${PODS_ROOT}/Target Support Files/Pods-PractiseApp/Pods-PractiseApp-frameworks-${CONFIGURATION}-output-files.xcfilelist",
			);
			runOnlyForDeploymentPostprocessing = 0;
			shellPath = /bin/sh;
			shellScript = "\"${PODS_ROOT}/Target Support Files/Pods-PractiseApp/Pods-PractiseApp-frameworks.sh\"\n";
			showEnvVarsInLog = 0;
		};
		64538AAEB376965E0E6C4500 /* [CP] Check Pods Manifest.lock */ = {
			isa = PBXShellScriptBuildPhase;
			buildActionMask = 2147483647;
			files = (
			);
			inputFileListPaths = (
			);
			inputPaths = (
				"${PODS_PODFILE_DIR_PATH}/Podfile.lock",
				"${PODS_ROOT}/Manifest.lock",
			);
			name = "[CP] Check Pods Manifest.lock";
			outputFileListPaths = (
			);
			outputPaths = (
				"$(DERIVED_FILE_DIR)/Pods-PractiseApp-checkManifestLockResult.txt",
			);
			runOnlyForDeploymentPostprocessing = 0;
			shellPath = /bin/sh;
			shellScript = "diff \"${PODS_PODFILE_DIR_PATH}/Podfile.lock\" \"${PODS_ROOT}/Manifest.lock\" > /dev/null\nif [ $? != 0 ] ; then\n    # print error to STDERR\n    echo \"error: The sandbox is not in sync with the Podfile.lock. Run 'pod install' or update your CocoaPods installation.\" >&2\n    exit 1\nfi\n# This output is used by Xcode 'outputs' to avoid re-running this script phase.\necho \"SUCCESS\" > \"${SCRIPT_OUTPUT_FILE_0}\"\n";
			showEnvVarsInLog = 0;
		};
		A5010AE110737FE0650BB8A5 /* [CP] Copy Pods Resources */ = {
			isa = PBXShellScriptBuildPhase;
			buildActionMask = 2147483647;
			files = (
			);
			inputFileListPaths = (
				"${PODS_ROOT}/Target Support Files/Pods-PractiseApp/Pods-PractiseApp-resources-${CONFIGURATION}-input-files.xcfilelist",
			);
			name = "[CP] Copy Pods Resources";
			outputFileListPaths = (
				"${PODS_ROOT}/Target Support Files/Pods-PractiseApp/Pods-PractiseApp-resources-${CONFIGURATION}-output-files.xcfilelist",
			);
			runOnlyForDeploymentPostprocessing = 0;
			shellPath = /bin/sh;
			shellScript = "\"${PODS_ROOT}/Target Support Files/Pods-PractiseApp/Pods-PractiseApp-resources.sh\"\n";
			showEnvVarsInLog = 0;
		};
/* End PBXShellScriptBuildPhase section */

/* Begin PBXSourcesBuildPhase section */
		6D671C692456B93E000AFCEA /* Sources */ = {
			isa = PBXSourcesBuildPhase;
			buildActionMask = 2147483647;
			files = (
				6D671CAA2457C6B8000AFCEA /* ThreadViewController.m in Sources */,
				6D671C862456B940000AFCEA /* main.m in Sources */,
				6D1A0ED92462C15200682871 /* NSConditionLockVC.m in Sources */,
				6D1A0ED02462578C00682871 /* BarrierVC.m in Sources */,
				6D1A0EC12462563700682871 /* NSConditionVC.m in Sources */,
				6D1A0EBB246255A600682871 /* SynchronizedVC.m in Sources */,
				6D671C7E2456B93E000AFCEA /* PractiseApp.xcdatamodeld in Sources */,
				6D671CB0245801C5000AFCEA /* GCDViewController.m in Sources */,
				6D671CB6245941B9000AFCEA /* SellTicketsViewController.m in Sources */,
				6D671C782456B93E000AFCEA /* HomePageViewController.m in Sources */,
				6D671CBB24596646000AFCEA /* WelcomeToSandBoxViewController.m in Sources */,
				6D1A0EC42462567500682871 /* NSRecursiveLockVC.m in Sources */,
				6D1A0ECA246256BF00682871 /* POSIX_VC.m in Sources */,
				6D671C722456B93E000AFCEA /* AppDelegate.m in Sources */,
				6D1A0EBE246255EC00682871 /* SemaphoreVC.m in Sources */,
				6D1A0EB72462556800682871 /* NSLockVC.m in Sources */,
				6D671CA32456BD52000AFCEA /* BaseViewController.m in Sources */,
				6D671C752456B93E000AFCEA /* SceneDelegate.m in Sources */,
				6D1A0ECD2462575000682871 /* OSSpinLockVC.m in Sources */,
				6D671CB324583CEA000AFCEA /* NSOperationViewController.m in Sources */,
				6D1A0ED62462672800682871 /* SomeThing.m in Sources */,
				6D1A0EC72462569700682871 /* NSDistributedLockVC.m in Sources */,
			);
			runOnlyForDeploymentPostprocessing = 0;
		};
/* End PBXSourcesBuildPhase section */

/* Begin PBXVariantGroup section */
		6D671C792456B93E000AFCEA /* Main.storyboard */ = {
			isa = PBXVariantGroup;
			children = (
				6D671C7A2456B93E000AFCEA /* Base */,
			);
			name = Main.storyboard;
			sourceTree = "<group>";
		};
		6D671C812456B940000AFCEA /* LaunchScreen.storyboard */ = {
			isa = PBXVariantGroup;
			children = (
				6D671C822456B940000AFCEA /* Base */,
			);
			name = LaunchScreen.storyboard;
			sourceTree = "<group>";
		};
/* End PBXVariantGroup section */

/* Begin XCBuildConfiguration section */
		6D671C872456B940000AFCEA /* Debug */ = {
			isa = XCBuildConfiguration;
			buildSettings = {
				ALWAYS_SEARCH_USER_PATHS = NO;
				CLANG_ANALYZER_NONNULL = YES;
				CLANG_ANALYZER_NUMBER_OBJECT_CONVERSION = YES_AGGRESSIVE;
				CLANG_CXX_LANGUAGE_STANDARD = "gnu++14";
				CLANG_CXX_LIBRARY = "libc++";
				CLANG_ENABLE_MODULES = YES;
				CLANG_ENABLE_OBJC_ARC = YES;
				CLANG_ENABLE_OBJC_WEAK = YES;
				CLANG_WARN_BLOCK_CAPTURE_AUTORELEASING = YES;
				CLANG_WARN_BOOL_CONVERSION = YES;
				CLANG_WARN_COMMA = YES;
				CLANG_WARN_CONSTANT_CONVERSION = YES;
				CLANG_WARN_DEPRECATED_OBJC_IMPLEMENTATIONS = YES;
				CLANG_WARN_DIRECT_OBJC_ISA_USAGE = YES_ERROR;
				CLANG_WARN_DOCUMENTATION_COMMENTS = YES;
				CLANG_WARN_EMPTY_BODY = YES;
				CLANG_WARN_ENUM_CONVERSION = YES;
				CLANG_WARN_INFINITE_RECURSION = YES;
				CLANG_WARN_INT_CONVERSION = YES;
				CLANG_WARN_NON_LITERAL_NULL_CONVERSION = YES;
				CLANG_WARN_OBJC_IMPLICIT_RETAIN_SELF = YES;
				CLANG_WARN_OBJC_LITERAL_CONVERSION = YES;
				CLANG_WARN_OBJC_ROOT_CLASS = YES_ERROR;
				CLANG_WARN_RANGE_LOOP_ANALYSIS = YES;
				CLANG_WARN_STRICT_PROTOTYPES = YES;
				CLANG_WARN_SUSPICIOUS_MOVE = YES;
				CLANG_WARN_UNGUARDED_AVAILABILITY = YES_AGGRESSIVE;
				CLANG_WARN_UNREACHABLE_CODE = YES;
				CLANG_WARN__DUPLICATE_METHOD_MATCH = YES;
				COPY_PHASE_STRIP = NO;
				DEBUG_INFORMATION_FORMAT = dwarf;
				ENABLE_STRICT_OBJC_MSGSEND = YES;
				ENABLE_TESTABILITY = YES;
				GCC_C_LANGUAGE_STANDARD = gnu11;
				GCC_DYNAMIC_NO_PIC = NO;
				GCC_NO_COMMON_BLOCKS = YES;
				GCC_OPTIMIZATION_LEVEL = 0;
				GCC_PREPROCESSOR_DEFINITIONS = (
					"DEBUG=1",
					"$(inherited)",
				);
				GCC_WARN_64_TO_32_BIT_CONVERSION = YES;
				GCC_WARN_ABOUT_RETURN_TYPE = YES_ERROR;
				GCC_WARN_UNDECLARED_SELECTOR = YES;
				GCC_WARN_UNINITIALIZED_AUTOS = YES_AGGRESSIVE;
				GCC_WARN_UNUSED_FUNCTION = YES;
				GCC_WARN_UNUSED_VARIABLE = YES;
				IPHONEOS_DEPLOYMENT_TARGET = 13.2;
				MTL_ENABLE_DEBUG_INFO = INCLUDE_SOURCE;
				MTL_FAST_MATH = YES;
				ONLY_ACTIVE_ARCH = YES;
				SDKROOT = iphoneos;
			};
			name = Debug;
		};
		6D671C882456B940000AFCEA /* Release */ = {
			isa = XCBuildConfiguration;
			buildSettings = {
				ALWAYS_SEARCH_USER_PATHS = NO;
				CLANG_ANALYZER_NONNULL = YES;
				CLANG_ANALYZER_NUMBER_OBJECT_CONVERSION = YES_AGGRESSIVE;
				CLANG_CXX_LANGUAGE_STANDARD = "gnu++14";
				CLANG_CXX_LIBRARY = "libc++";
				CLANG_ENABLE_MODULES = YES;
				CLANG_ENABLE_OBJC_ARC = YES;
				CLANG_ENABLE_OBJC_WEAK = YES;
				CLANG_WARN_BLOCK_CAPTURE_AUTORELEASING = YES;
				CLANG_WARN_BOOL_CONVERSION = YES;
				CLANG_WARN_COMMA = YES;
				CLANG_WARN_CONSTANT_CONVERSION = YES;
				CLANG_WARN_DEPRECATED_OBJC_IMPLEMENTATIONS = YES;
				CLANG_WARN_DIRECT_OBJC_ISA_USAGE = YES_ERROR;
				CLANG_WARN_DOCUMENTATION_COMMENTS = YES;
				CLANG_WARN_EMPTY_BODY = YES;
				CLANG_WARN_ENUM_CONVERSION = YES;
				CLANG_WARN_INFINITE_RECURSION = YES;
				CLANG_WARN_INT_CONVERSION = YES;
				CLANG_WARN_NON_LITERAL_NULL_CONVERSION = YES;
				CLANG_WARN_OBJC_IMPLICIT_RETAIN_SELF = YES;
				CLANG_WARN_OBJC_LITERAL_CONVERSION = YES;
				CLANG_WARN_OBJC_ROOT_CLASS = YES_ERROR;
				CLANG_WARN_RANGE_LOOP_ANALYSIS = YES;
				CLANG_WARN_STRICT_PROTOTYPES = YES;
				CLANG_WARN_SUSPICIOUS_MOVE = YES;
				CLANG_WARN_UNGUARDED_AVAILABILITY = YES_AGGRESSIVE;
				CLANG_WARN_UNREACHABLE_CODE = YES;
				CLANG_WARN__DUPLICATE_METHOD_MATCH = YES;
				COPY_PHASE_STRIP = NO;
				DEBUG_INFORMATION_FORMAT = "dwarf-with-dsym";
				ENABLE_NS_ASSERTIONS = NO;
				ENABLE_STRICT_OBJC_MSGSEND = YES;
				GCC_C_LANGUAGE_STANDARD = gnu11;
				GCC_NO_COMMON_BLOCKS = YES;
				GCC_WARN_64_TO_32_BIT_CONVERSION = YES;
				GCC_WARN_ABOUT_RETURN_TYPE = YES_ERROR;
				GCC_WARN_UNDECLARED_SELECTOR = YES;
				GCC_WARN_UNINITIALIZED_AUTOS = YES_AGGRESSIVE;
				GCC_WARN_UNUSED_FUNCTION = YES;
				GCC_WARN_UNUSED_VARIABLE = YES;
				IPHONEOS_DEPLOYMENT_TARGET = 13.2;
				MTL_ENABLE_DEBUG_INFO = NO;
				MTL_FAST_MATH = YES;
				SDKROOT = iphoneos;
				VALIDATE_PRODUCT = YES;
			};
			name = Release;
		};
		6D671C8A2456B940000AFCEA /* Debug */ = {
			isa = XCBuildConfiguration;
			baseConfigurationReference = 7BE93AD753810419B6038C41 /* Pods-PractiseApp.debug.xcconfig */;
			buildSettings = {
				ASSETCATALOG_COMPILER_APPICON_NAME = AppIcon;
				CODE_SIGN_STYLE = Automatic;
				DEVELOPMENT_TEAM = AN63YNGB82;
				INFOPLIST_FILE = PractiseApp/Info.plist;
				LD_RUNPATH_SEARCH_PATHS = (
					"$(inherited)",
					"@executable_path/Frameworks",
				);
				PRODUCT_BUNDLE_IDENTIFIER = wujingcheng.PractiseApp;
				PRODUCT_NAME = "$(TARGET_NAME)";
				TARGETED_DEVICE_FAMILY = "1,2";
			};
			name = Debug;
		};
		6D671C8B2456B940000AFCEA /* Release */ = {
			isa = XCBuildConfiguration;
			baseConfigurationReference = 1FACEB32EDC9EAD4C2787A22 /* Pods-PractiseApp.release.xcconfig */;
			buildSettings = {
				ASSETCATALOG_COMPILER_APPICON_NAME = AppIcon;
				CODE_SIGN_STYLE = Automatic;
				DEVELOPMENT_TEAM = AN63YNGB82;
				INFOPLIST_FILE = PractiseApp/Info.plist;
				LD_RUNPATH_SEARCH_PATHS = (
					"$(inherited)",
					"@executable_path/Frameworks",
				);
				PRODUCT_BUNDLE_IDENTIFIER = wujingcheng.PractiseApp;
				PRODUCT_NAME = "$(TARGET_NAME)";
				TARGETED_DEVICE_FAMILY = "1,2";
			};
			name = Release;
		};
/* End XCBuildConfiguration section */

/* Begin XCConfigurationList section */
		6D671C682456B93E000AFCEA /* Build configuration list for PBXProject "PractiseApp" */ = {
			isa = XCConfigurationList;
			buildConfigurations = (
				6D671C872456B940000AFCEA /* Debug */,
				6D671C882456B940000AFCEA /* Release */,
			);
			defaultConfigurationIsVisible = 0;
			defaultConfigurationName = Release;
		};
		6D671C892456B940000AFCEA /* Build configuration list for PBXNativeTarget "PractiseApp" */ = {
			isa = XCConfigurationList;
			buildConfigurations = (
				6D671C8A2456B940000AFCEA /* Debug */,
				6D671C8B2456B940000AFCEA /* Release */,
			);
			defaultConfigurationIsVisible = 0;
			defaultConfigurationName = Release;
		};
/* End XCConfigurationList section */

/* Begin XCVersionGroup section */
		6D671C7C2456B93E000AFCEA /* PractiseApp.xcdatamodeld */ = {
			isa = XCVersionGroup;
			children = (
				6D671C7D2456B93E000AFCEA /* PractiseApp.xcdatamodel */,
			);
			currentVersion = 6D671C7D2456B93E000AFCEA /* PractiseApp.xcdatamodel */;
			path = PractiseApp.xcdatamodeld;
			sourceTree = "<group>";
			versionGroupType = wrapper.xcdatamodel;
		};
/* End XCVersionGroup section */
	};
	rootObject = 6D671C652456B93E000AFCEA /* Project object */;
}
